
Microsoft Visual Studio Solution File, Format Version 12.00
# Visual Studio Version 17
VisualStudioVersion = 17.12.35728.132
MinimumVisualStudioVersion = 10.0.40219.1
Project("{2150E333-8FDC-42A3-9474-1A3956D46DE8}") = "Solution Items", "Solution Items", "{DB2EA555-1FC9-44DC-A37E-37E50EBBFCA1}"
	ProjectSection(SolutionItems) = preProject
		.editorconfig = .editorconfig
		Directory.Build.props = Directory.Build.props
		Directory.Packages.props = Directory.Packages.props
	EndProjectSection
EndProject
Project("{FAE04EC0-301F-11D3-BF4B-00C04F79EFBC}") = "Conductor.Server", "src\Conductor.Server\Conductor.Server.csproj", "{D1E8CA86-6E19-49E7-B2B5-474528EFB61F}"
EndProject
Project("{2150E333-8FDC-42A3-9474-1A3956D46DE8}") = "shared", "shared", "{EF18AC1C-2DE9-4048-9BA3-4DDF6F9C8A1F}"
EndProject
Project("{2150E333-8FDC-42A3-9474-1A3956D46DE8}") = "modules", "modules", "{D8B6F003-D81B-4965-8414-470CB494B274}"
EndProject
Project("{FAE04EC0-301F-11D3-BF4B-00C04F79EFBC}") = "Domain.Shared", "shared\Domain.Shared\Domain.Shared.csproj", "{5C3F5584-8C9B-4DA7-B9CE-281CA99F5B74}"
EndProject
Project("{FAE04EC0-301F-11D3-BF4B-00C04F79EFBC}") = "Application.Shared", "shared\Application.Shared\Application.Shared.csproj", "{3523F8EA-0E96-46E1-9ACA-7AD10630075E}"
EndProject
Project("{FAE04EC0-301F-11D3-BF4B-00C04F79EFBC}") = "Infrastructure.Shared", "shared\Infrastructure.Shared\Infrastructure.Shared.csproj", "{DE72E568-F098-4D52-BB33-6AF60636CD40}"
EndProject
Project("{FAE04EC0-301F-11D3-BF4B-00C04F79EFBC}") = "Server.Shared", "shared\Server.Shared\Server.Shared.csproj", "{3467892B-8227-4991-997C-A50814797372}"
EndProject
Project("{FAE04EC0-301F-11D3-BF4B-00C04F79EFBC}") = "Conductor.Api", "src\Conductor.Api\Conductor.Api.csproj", "{38186A3D-9BCF-48ED-AADE-B2C3FFC1A7FE}"
EndProject
Project("{2150E333-8FDC-42A3-9474-1A3956D46DE8}") = "bi", "bi", "{6FA09B3A-AE71-4A86-A47D-5FCA44A78B33}"
EndProject
Project("{2150E333-8FDC-42A3-9474-1A3956D46DE8}") = "bpm", "bpm", "{BDDE74D2-2102-4543-B830-F27C1E55F79E}"
EndProject
Project("{FAE04EC0-301F-11D3-BF4B-00C04F79EFBC}") = "Bi.Domain", "modules\bi\Bi.Domain\Bi.Domain.csproj", "{A0DAA72E-7050-4BD5-80F1-C992C9361CB8}"
EndProject
Project("{FAE04EC0-301F-11D3-BF4B-00C04F79EFBC}") = "Bi.Application", "modules\bi\Bi.Application\Bi.Application.csproj", "{5E047079-D29E-45E2-9A91-F4E5E40DEA99}"
EndProject
Project("{FAE04EC0-301F-11D3-BF4B-00C04F79EFBC}") = "Bi.Infrastructure", "modules\bi\Bi.Infrastructure\Bi.Infrastructure.csproj", "{594A68E2-CBA3-4C79-915F-2FCFF3C5C5C9}"
EndProject
Project("{FAE04EC0-301F-11D3-BF4B-00C04F79EFBC}") = "Bi.Contracts", "modules\bi\Bi.Contracts\Bi.Contracts.csproj", "{6629885F-78B8-425A-AE1A-7127F690BF05}"
EndProject
Project("{FAE04EC0-301F-11D3-BF4B-00C04F79EFBC}") = "Leaks", "shared\Leaks\Leaks.csproj", "{BAF3EDDD-9491-46E9-86F1-770B0C763490}"
EndProject
Global
	GlobalSection(SolutionConfigurationPlatforms) = preSolution
		Debug|Any CPU = Debug|Any CPU
		Release|Any CPU = Release|Any CPU
	EndGlobalSection
	GlobalSection(ProjectConfigurationPlatforms) = postSolution
		{D1E8CA86-6E19-49E7-B2B5-474528EFB61F}.Debug|Any CPU.ActiveCfg = Debug|Any CPU
		{D1E8CA86-6E19-49E7-B2B5-474528EFB61F}.Debug|Any CPU.Build.0 = Debug|Any CPU
		{D1E8CA86-6E19-49E7-B2B5-474528EFB61F}.Release|Any CPU.ActiveCfg = Release|Any CPU
		{D1E8CA86-6E19-49E7-B2B5-474528EFB61F}.Release|Any CPU.Build.0 = Release|Any CPU
		{5C3F5584-8C9B-4DA7-B9CE-281CA99F5B74}.Debug|Any CPU.ActiveCfg = Debug|Any CPU
		{5C3F5584-8C9B-4DA7-B9CE-281CA99F5B74}.Debug|Any CPU.Build.0 = Debug|Any CPU
		{5C3F5584-8C9B-4DA7-B9CE-281CA99F5B74}.Release|Any CPU.ActiveCfg = Release|Any CPU
		{5C3F5584-8C9B-4DA7-B9CE-281CA99F5B74}.Release|Any CPU.Build.0 = Release|Any CPU
		{3523F8EA-0E96-46E1-9ACA-7AD10630075E}.Debug|Any CPU.ActiveCfg = Debug|Any CPU
		{3523F8EA-0E96-46E1-9ACA-7AD10630075E}.Debug|Any CPU.Build.0 = Debug|Any CPU
		{3523F8EA-0E96-46E1-9ACA-7AD10630075E}.Release|Any CPU.ActiveCfg = Release|Any CPU
		{3523F8EA-0E96-46E1-9ACA-7AD10630075E}.Release|Any CPU.Build.0 = Release|Any CPU
		{DE72E568-F098-4D52-BB33-6AF60636CD40}.Debug|Any CPU.ActiveCfg = Debug|Any CPU
		{DE72E568-F098-4D52-BB33-6AF60636CD40}.Debug|Any CPU.Build.0 = Debug|Any CPU
		{DE72E568-F098-4D52-BB33-6AF60636CD40}.Release|Any CPU.ActiveCfg = Release|Any CPU
		{DE72E568-F098-4D52-BB33-6AF60636CD40}.Release|Any CPU.Build.0 = Release|Any CPU
		{3467892B-8227-4991-997C-A50814797372}.Debug|Any CPU.ActiveCfg = Debug|Any CPU
		{3467892B-8227-4991-997C-A50814797372}.Debug|Any CPU.Build.0 = Debug|Any CPU
		{3467892B-8227-4991-997C-A50814797372}.Release|Any CPU.ActiveCfg = Release|Any CPU
		{3467892B-8227-4991-997C-A50814797372}.Release|Any CPU.Build.0 = Release|Any CPU
		{38186A3D-9BCF-48ED-AADE-B2C3FFC1A7FE}.Debug|Any CPU.ActiveCfg = Debug|Any CPU
		{38186A3D-9BCF-48ED-AADE-B2C3FFC1A7FE}.Debug|Any CPU.Build.0 = Debug|Any CPU
		{38186A3D-9BCF-48ED-AADE-B2C3FFC1A7FE}.Release|Any CPU.ActiveCfg = Release|Any CPU
		{38186A3D-9BCF-48ED-AADE-B2C3FFC1A7FE}.Release|Any CPU.Build.0 = Release|Any CPU
		{A0DAA72E-7050-4BD5-80F1-C992C9361CB8}.Debug|Any CPU.ActiveCfg = Debug|Any CPU
		{A0DAA72E-7050-4BD5-80F1-C992C9361CB8}.Debug|Any CPU.Build.0 = Debug|Any CPU
		{A0DAA72E-7050-4BD5-80F1-C992C9361CB8}.Release|Any CPU.ActiveCfg = Release|Any CPU
		{A0DAA72E-7050-4BD5-80F1-C992C9361CB8}.Release|Any CPU.Build.0 = Release|Any CPU
		{5E047079-D29E-45E2-9A91-F4E5E40DEA99}.Debug|Any CPU.ActiveCfg = Debug|Any CPU
		{5E047079-D29E-45E2-9A91-F4E5E40DEA99}.Debug|Any CPU.Build.0 = Debug|Any CPU
		{5E047079-D29E-45E2-9A91-F4E5E40DEA99}.Release|Any CPU.ActiveCfg = Release|Any CPU
		{5E047079-D29E-45E2-9A91-F4E5E40DEA99}.Release|Any CPU.Build.0 = Release|Any CPU
		{594A68E2-CBA3-4C79-915F-2FCFF3C5C5C9}.Debug|Any CPU.ActiveCfg = Debug|Any CPU
		{594A68E2-CBA3-4C79-915F-2FCFF3C5C5C9}.Debug|Any CPU.Build.0 = Debug|Any CPU
		{594A68E2-CBA3-4C79-915F-2FCFF3C5C5C9}.Release|Any CPU.ActiveCfg = Release|Any CPU
		{594A68E2-CBA3-4C79-915F-2FCFF3C5C5C9}.Release|Any CPU.Build.0 = Release|Any CPU
		{6629885F-78B8-425A-AE1A-7127F690BF05}.Debug|Any CPU.ActiveCfg = Debug|Any CPU
		{6629885F-78B8-425A-AE1A-7127F690BF05}.Debug|Any CPU.Build.0 = Debug|Any CPU
		{6629885F-78B8-425A-AE1A-7127F690BF05}.Release|Any CPU.ActiveCfg = Release|Any CPU
		{6629885F-78B8-425A-AE1A-7127F690BF05}.Release|Any CPU.Build.0 = Release|Any CPU
		{BAF3EDDD-9491-46E9-86F1-770B0C763490}.Debug|Any CPU.ActiveCfg = Debug|Any CPU
		{BAF3EDDD-9491-46E9-86F1-770B0C763490}.Debug|Any CPU.Build.0 = Debug|Any CPU
		{BAF3EDDD-9491-46E9-86F1-770B0C763490}.Release|Any CPU.ActiveCfg = Release|Any CPU
		{BAF3EDDD-9491-46E9-86F1-770B0C763490}.Release|Any CPU.Build.0 = Release|Any CPU
	EndGlobalSection
	GlobalSection(SolutionProperties) = preSolution
		HideSolutionNode = FALSE
	EndGlobalSection
	GlobalSection(NestedProjects) = preSolution
		{5C3F5584-8C9B-4DA7-B9CE-281CA99F5B74} = {EF18AC1C-2DE9-4048-9BA3-4DDF6F9C8A1F}
		{3523F8EA-0E96-46E1-9ACA-7AD10630075E} = {EF18AC1C-2DE9-4048-9BA3-4DDF6F9C8A1F}
		{DE72E568-F098-4D52-BB33-6AF60636CD40} = {EF18AC1C-2DE9-4048-9BA3-4DDF6F9C8A1F}
		{3467892B-8227-4991-997C-A50814797372} = {EF18AC1C-2DE9-4048-9BA3-4DDF6F9C8A1F}
		{6FA09B3A-AE71-4A86-A47D-5FCA44A78B33} = {D8B6F003-D81B-4965-8414-470CB494B274}
		{BDDE74D2-2102-4543-B830-F27C1E55F79E} = {D8B6F003-D81B-4965-8414-470CB494B274}
		{A0DAA72E-7050-4BD5-80F1-C992C9361CB8} = {6FA09B3A-AE71-4A86-A47D-5FCA44A78B33}
		{5E047079-D29E-45E2-9A91-F4E5E40DEA99} = {6FA09B3A-AE71-4A86-A47D-5FCA44A78B33}
		{594A68E2-CBA3-4C79-915F-2FCFF3C5C5C9} = {6FA09B3A-AE71-4A86-A47D-5FCA44A78B33}
		{6629885F-78B8-425A-AE1A-7127F690BF05} = {6FA09B3A-AE71-4A86-A47D-5FCA44A78B33}
		{BAF3EDDD-9491-46E9-86F1-770B0C763490} = {EF18AC1C-2DE9-4048-9BA3-4DDF6F9C8A1F}
	EndGlobalSection
EndGlobal
